// !$*UTF8*$!
{
	archiveVersion = 1;
	classes = {
	};
	objectVersion = 46;
	objects = {

/* Begin PBXBuildFile section */
		CA3A62381E0032B400AADC6A /* main.m in Sources */ = {isa = PBXBuildFile; fileRef = CA3A62371E0032B400AADC6A /* main.m */; };
		CA3A623B1E0032B400AADC6A /* AppDelegate.m in Sources */ = {isa = PBXBuildFile; fileRef = CA3A623A1E0032B400AADC6A /* AppDelegate.m */; };
		CA3A623E1E0032B400AADC6A /* ViewController.m in Sources */ = {isa = PBXBuildFile; fileRef = CA3A623D1E0032B400AADC6A /* ViewController.m */; };
		CA3A62411E0032B400AADC6A /* Main.storyboard in Resources */ = {isa = PBXBuildFile; fileRef = CA3A623F1E0032B400AADC6A /* Main.storyboard */; };
		CA3A62431E0032B400AADC6A /* Assets.xcassets in Resources */ = {isa = PBXBuildFile; fileRef = CA3A62421E0032B400AADC6A /* Assets.xcassets */; };
		CA3A62461E0032B400AADC6A /* LaunchScreen.storyboard in Resources */ = {isa = PBXBuildFile; fileRef = CA3A62441E0032B400AADC6A /* LaunchScreen.storyboard */; };
		CA3A624F1E0039BC00AADC6A /* YHOperation.m in Sources */ = {isa = PBXBuildFile; fileRef = CA3A624E1E0039BC00AADC6A /* YHOperation.m */; };
/* End PBXBuildFile section */

/* Begin PBXFileReference section */
		CA3A62331E0032B400AADC6A /* NSOperation.app */ = {isa = PBXFileReference; explicitFileType = wrapper.application; includeInIndex = 0; path = NSOperation.app; sourceTree = BUILT_PRODUCTS_DIR; };
		CA3A62371E0032B400AADC6A /* main.m */ = {isa = PBXFileReference; lastKnownFileType = sourcecode.c.objc; path = main.m; sourceTree = "<group>"; };
		CA3A62391E0032B400AADC6A /* AppDelegate.h */ = {isa = PBXFileReference; lastKnownFileType = sourcecode.c.h; path = AppDelegate.h; sourceTree = "<group>"; };
		CA3A623A1E0032B400AADC6A /* AppDelegate.m */ = {isa = PBXFileReference; lastKnownFileType = sourcecode.c.objc; path = AppDelegate.m; sourceTree = "<group>"; };
		CA3A623C1E0032B400AADC6A /* ViewController.h */ = {isa = PBXFileReference; lastKnownFileType = sourcecode.c.h; path = ViewController.h; sourceTree = "<group>"; };
		CA3A623D1E0032B400AADC6A /* ViewController.m */ = {isa = PBXFileReference; lastKnownFileType = sourcecode.c.objc; path = ViewController.m; sourceTree = "<group>"; };
		CA3A62401E0032B400AADC6A /* Base */ = {isa = PBXFileReference; lastKnownFileType = file.storyboard; name = Base; path = Base.lproj/Main.storyboard; sourceTree = "<group>"; };
		CA3A62421E0032B400AADC6A /* Assets.xcassets */ = {isa = PBXFileReference; lastKnownFileType = folder.assetcatalog; path = Assets.xcassets; sourceTree = "<group>"; };
		CA3A62451E0032B400AADC6A /* Base */ = {isa = PBXFileReference; lastKnownFileType = file.storyboard; name = Base; path = Base.lproj/LaunchScreen.storyboard; sourceTree = "<group>"; };
		CA3A62471E0032B400AADC6A /* Info.plist */ = {isa = PBXFileReference; lastKnownFileType = text.plist.xml; path = Info.plist; sourceTree = "<group>"; };
		CA3A624D1E0039BC00AADC6A /* YHOperation.h */ = {isa = PBXFileReference; fileEncoding = 4; lastKnownFileType = sourcecode.c.h; path = YHOperation.h; sourceTree = "<group>"; };
		CA3A624E1E0039BC00AADC6A /* YHOperation.m */ = {isa = PBXFileReference; fileEncoding = 4; lastKnownFileType = sourcecode.c.objc; path = YHOperation.m; sourceTree = "<group>"; };
/* End PBXFileReference section */

/* Begin PBXFrameworksBuildPhase section */
		CA3A62301E0032B400AADC6A /* Frameworks */ = {
			isa = PBXFrameworksBuildPhase;
			buildActionMask = 2147483647;
			files = (
			);
			runOnlyForDeploymentPostprocessing = 0;
		};
/* End PBXFrameworksBuildPhase section */

/* Begin PBXGroup section */
		CA3A622A1E0032B400AADC6A = {
			isa = PBXGroup;
			children = (
				CA3A62351E0032B400AADC6A /* NSOperation */,
				CA3A62341E0032B400AADC6A /* Products */,
			);
			sourceTree = "<group>";
		};
		CA3A62341E0032B400AADC6A /* Products */ = {
			isa = PBXGroup;
			children = (
				CA3A62331E0032B400AADC6A /* NSOperation.app */,
			);
			name = Products;
			sourceTree = "<group>";
		};
		CA3A62351E0032B400AADC6A /* NSOperation */ = {
			isa = PBXGroup;
			children = (
				CA3A62391E0032B400AADC6A /* AppDelegate.h */,
				CA3A623A1E0032B400AADC6A /* AppDelegate.m */,
				CA3A623C1E0032B400AADC6A /* ViewController.h */,
				CA3A623D1E0032B400AADC6A /* ViewController.m */,
				CA3A624D1E0039BC00AADC6A /* YHOperation.h */,
				CA3A624E1E0039BC00AADC6A /* YHOperation.m */,
				CA3A623F1E0032B400AADC6A /* Main.storyboard */,
				CA3A62421E0032B400AADC6A /* Assets.xcassets */,
				CA3A62441E0032B400AADC6A /* LaunchScreen.storyboard */,
				CA3A62471E0032B400AADC6A /* Info.plist */,
				CA3A62361E0032B400AADC6A /* Supporting Files */,
			);
			path = NSOperation;
			sourceTree = "<group>";
		};
		CA3A62361E0032B400AADC6A /* Supporting Files */ = {
			isa = PBXGroup;
			children = (
				CA3A62371E0032B400AADC6A /* main.m */,
			);
			name = "Supporting Files";
			sourceTree = "<group>";
		};
/* End PBXGroup section */

/* Begin PBXNativeTarget section */
		CA3A62321E0032B400AADC6A /* NSOperation */ = {
			isa = PBXNativeTarget;
			buildConfigurationList = CA3A624A1E0032B400AADC6A /* Build configuration list for PBXNativeTarget "NSOperation" */;
			buildPhases = (
				CA3A622F1E0032B400AADC6A /* Sources */,
				CA3A62301E0032B400AADC6A /* Frameworks */,
				CA3A62311E0032B400AADC6A /* Resources */,
			);
			buildRules = (
			);
			dependencies = (
			);
			name = NSOperation;
			productName = NSOperation;
			productReference = CA3A62331E0032B400AADC6A /* NSOperation.app */;
			productType = "com.apple.product-type.application";
		};
/* End PBXNativeTarget section */

/* Begin PBXProject section */
		CA3A622B1E0032B400AADC6A /* Project object */ = {
			isa = PBXProject;
			attributes = {
				LastUpgradeCheck = 0810;
				ORGANIZATIONNAME = "Yuhui Huang";
				TargetAttributes = {
					CA3A62321E0032B400AADC6A = {
						CreatedOnToolsVersion = 8.1;
						ProvisioningStyle = Automatic;
					};
				};
			};
			buildConfigurationList = CA3A622E1E0032B400AADC6A /* Build configuration list for PBXProject "NSOperation" */;
			compatibilityVersion = "Xcode 3.2";
			developmentRegion = English;
			hasScannedForEncodings = 0;
			knownRegions = (
				en,
				Base,
			);
			mainGroup = CA3A622A1E0032B400AADC6A;
			productRefGroup = CA3A62341E0032B400AADC6A /* Products */;
			projectDirPath = "";
			projectRoot = "";
			targets = (
				CA3A62321E0032B400AADC6A /* NSOperation */,
			);
		};
/* End PBXProject section */

/* Begin PBXResourcesBuildPhase section */
		CA3A62311E0032B400AADC6A /* Resources */ = {
			isa = PBXResourcesBuildPhase;
			buildActionMask = 2147483647;
			files = (
				CA3A62461E0032B400AADC6A /* LaunchScreen.storyboard in Resources */,
				CA3A62431E0032B400AADC6A /* Assets.xcassets in Resources */,
				CA3A62411E0032B400AADC6A /* Main.storyboard in Resources */,
			);
			runOnlyForDeploymentPostprocessing = 0;
		};
/* End PBXResourcesBuildPhase section */

/* Begin PBXSourcesBuildPhase section */
		CA3A622F1E0032B400AADC6A /* Sources */ = {
			isa = PBXSourcesBuildPhase;
			buildActionMask = 2147483647;
			files = (
				CA3A623E1E0032B400AADC6A /* ViewController.m in Sources */,
				CA3A623B1E0032B400AADC6A /* AppDelegate.m in Sources */,
				CA3A624F1E0039BC00AADC6A /* YHOperation.m in Sources */,
				CA3A62381E0032B400AADC6A /* main.m in Sources */,
			);
			runOnlyForDeploymentPostprocessing = 0;
		};
/* End PBXSourcesBuildPhase section */

/* Begin PBXVariantGroup section */
		CA3A623F1E0032B400AADC6A /* Main.storyboard */ = {
			isa = PBXVariantGroup;
			children = (
				CA3A62401E0032B400AADC6A /* Base */,
			);
			name = Main.storyboard;
			sourceTree = "<group>";
		};
		CA3A62441E0032B400AADC6A /* LaunchScreen.storyboard */ = {
			isa = PBXVariantGroup;
			children = (
				CA3A62451E0032B400AADC6A /* Base */,
			);
			name = LaunchScreen.storyboard;
			sourceTree = "<group>";
		};
/* End PBXVariantGroup section */

/* Begin XCBuildConfiguration section */
		CA3A62481E0032B400AADC6A /* Debug */ = {
			isa = XCBuildConfiguration;
			buildSettings = {
				ALWAYS_SEARCH_USER_PATHS = NO;
				CLANG_ANALYZER_NONNULL = YES;
				CLANG_CXX_LANGUAGE_STANDARD = "gnu++0x";
				CLANG_CXX_LIBRARY = "libc++";
				CLANG_ENABLE_MODULES = YES;
				CLANG_ENABLE_OBJC_ARC = YES;
				CLANG_WARN_BOOL_CONVERSION = YES;
				CLANG_WARN_CONSTANT_CONVERSION = YES;
				CLANG_WARN_DIRECT_OBJC_ISA_USAGE = YES_ERROR;
				CLANG_WARN_DOCUMENTATION_COMMENTS = YES;
				CLANG_WARN_EMPTY_BODY = YES;
				CLANG_WARN_ENUM_CONVERSION = YES;
				CLANG_WARN_INFINITE_RECURSION = YES;
				CLANG_WARN_INT_CONVERSION = YES;
				CLANG_WARN_OBJC_ROOT_CLASS = YES_ERROR;
				CLANG_WARN_SUSPICIOUS_MOVES = YES;
				CLANG_WARN_UNREACHABLE_CODE = YES;
				CLANG_WARN__DUPLICATE_METHOD_MATCH = YES;
				"CODE_SIGN_IDENTITY[sdk=iphoneos*]" = "iPhone Developer";
				COPY_PHASE_STRIP = NO;
				DEBUG_INFORMATION_FORMAT = dwarf;
				ENABLE_STRICT_OBJC_MSGSEND = YES;
				ENABLE_TESTABILITY = YES;
				GCC_C_LANGUAGE_STANDARD = gnu99;
				GCC_DYNAMIC_NO_PIC = NO;
				GCC_NO_COMMON_BLOCKS = YES;
				GCC_OPTIMIZATION_LEVEL = 0;
				GCC_PREPROCESSOR_DEFINITIONS = (
					"DEBUG=1",
					"$(inherited)",
				);
				GCC_WARN_64_TO_32_BIT_CONVERSION = YES;
				GCC_WARN_ABOUT_RETURN_TYPE = YES_ERROR;
				GCC_WARN_UNDECLARED_SELECTOR = YES;
				GCC_WARN_UNINITIALIZED_AUTOS = YES_AGGRESSIVE;
				GCC_WARN_UNUSED_FUNCTION = YES;
				GCC_WARN_UNUSED_VARIABLE = YES;
				IPHONEOS_DEPLOYMENT_TARGET = 10.1;
				MTL_ENABLE_DEBUG_INFO = YES;
				ONLY_ACTIVE_ARCH = YES;
				SDKROOT = iphoneos;
			};
			name = Debug;
		};
		CA3A62491E0032B400AADC6A /* Release */ = {
			isa = XCBuildConfiguration;
			buildSettings = {
				ALWAYS_SEARCH_USER_PATHS = NO;
				CLANG_ANALYZER_NONNULL = YES;
				CLANG_CXX_LANGUAGE_STANDARD = "gnu++0x";
				CLANG_CXX_LIBRARY = "libc++";
				CLANG_ENABLE_MODULES = YES;
				CLANG_ENABLE_OBJC_ARC = YES;
				CLANG_WARN_BOOL_CONVERSION = YES;
				CLANG_WARN_CONSTANT_CONVERSION = YES;
				CLANG_WARN_DIRECT_OBJC_ISA_USAGE = YES_ERROR;
				CLANG_WARN_DOCUMENTATION_COMMENTS = YES;
				CLANG_WARN_EMPTY_BODY = YES;
				CLANG_WARN_ENUM_CONVERSION = YES;
				CLANG_WARN_INFINITE_RECURSION = YES;
				CLANG_WARN_INT_CONVERSION = YES;
				CLANG_WARN_OBJC_ROOT_CLASS = YES_ERROR;
				CLANG_WARN_SUSPICIOUS_MOVES = YES;
				CLANG_WARN_UNREACHABLE_CODE = YES;
				CLANG_WARN__DUPLICATE_METHOD_MATCH = YES;
				"CODE_SIGN_IDENTITY[sdk=iphoneos*]" = "iPhone Developer";
				COPY_PHASE_STRIP = NO;
				DEBUG_INFORMATION_FORMAT = "dwarf-with-dsym";
				ENABLE_NS_ASSERTIONS = NO;
				ENABLE_STRICT_OBJC_MSGSEND = YES;
				GCC_C_LANGUAGE_STANDARD = gnu99;
				GCC_NO_COMMON_BLOCKS = YES;
				GCC_WARN_64_TO_32_BIT_CONVERSION = YES;
				GCC_WARN_ABOUT_RETURN_TYPE = YES_ERROR;
				GCC_WARN_UNDECLARED_SELECTOR = YES;
				GCC_WARN_UNINITIALIZED_AUTOS = YES_AGGRESSIVE;
				GCC_WARN_UNUSED_FUNCTION = YES;
				GCC_WARN_UNUSED_VARIABLE = YES;
				IPHONEOS_DEPLOYMENT_TARGET = 10.1;
				MTL_ENABLE_DEBUG_INFO = NO;
				SDKROOT = iphoneos;
				VALIDATE_PRODUCT = YES;
			};
			name = Release;
		};
		CA3A624B1E0032B400AADC6A /* Debug */ = {
			isa = XCBuildConfiguration;
			buildSettings = {
				ASSETCATALOG_COMPILER_APPICON_NAME = AppIcon;
				INFOPLIST_FILE = NSOperation/Info.plist;
				LD_RUNPATH_SEARCH_PATHS = "$(inherited) @executable_path/Frameworks";
				PRODUCT_BUNDLE_IDENTIFIER = YH.NSOperation;
				PRODUCT_NAME = "$(TARGET_NAME)";
			};
			name = Debug;
		};
		CA3A624C1E0032B400AADC6A /* Release */ = {
			isa = XCBuildConfiguration;
			buildSettings = {
				ASSETCATALOG_COMPILER_APPICON_NAME = AppIcon;
				INFOPLIST_FILE = NSOperation/Info.plist;
				LD_RUNPATH_SEARCH_PATHS = "$(inherited) @executable_path/Frameworks";
				PRODUCT_BUNDLE_IDENTIFIER = YH.NSOperation;
				PRODUCT_NAME = "$(TARGET_NAME)";
			};
			name = Release;
		};
/* End XCBuildConfiguration section */

/* Begin XCConfigurationList section */
		CA3A622E1E0032B400AADC6A /* Build configuration list for PBXProject "NSOperation" */ = {
			isa = XCConfigurationList;
			buildConfigurations = (
				CA3A62481E0032B400AADC6A /* Debug */,
				CA3A62491E0032B400AADC6A /* Release */,
			);
			defaultConfigurationIsVisible = 0;
			defaultConfigurationName = Release;
		};
		CA3A624A1E0032B400AADC6A /* Build configuration list for PBXNativeTarget "NSOperation" */ = {
			isa = XCConfigurationList;
			buildConfigurations = (
				CA3A624B1E0032B400AADC6A /* Debug */,
				CA3A624C1E0032B400AADC6A /* Release */,
			);
			defaultConfigurationIsVisible = 0;
		};
/* End XCConfigurationList section */
	};
	rootObject = CA3A622B1E0032B400AADC6A /* Project object */;
}
